// !$*UTF8*$!
{
	archiveVersion = 1;
	classes = {
	};
	objectVersion = 46;
	objects = {

/* Begin PBXBuildFile section */
		75A5D0271CEAA8BA00866B76 /* AppDelegate.swift in Sources */ = {isa = PBXBuildFile; fileRef = 75A5D0261CEAA8BA00866B76 /* AppDelegate.swift */; };
		75A5D0291CEAA8BA00866B76 /* ViewController.swift in Sources */ = {isa = PBXBuildFile; fileRef = 75A5D0281CEAA8BA00866B76 /* ViewController.swift */; };
		75A5D02C1CEAA8BA00866B76 /* Main.storyboard in Resources */ = {isa = PBXBuildFile; fileRef = 75A5D02A1CEAA8BA00866B76 /* Main.storyboard */; };
		75A5D02E1CEAA8BA00866B76 /* Assets.xcassets in Resources */ = {isa = PBXBuildFile; fileRef = 75A5D02D1CEAA8BA00866B76 /* Assets.xcassets */; };
		75A5D0311CEAA8BA00866B76 /* LaunchScreen.storyboard in Resources */ = {isa = PBXBuildFile; fileRef = 75A5D02F1CEAA8BA00866B76 /* LaunchScreen.storyboard */; };
		75A5D03C1CEAA8BA00866B76 /* __PhotoCropTests.swift in Sources */ = {isa = PBXBuildFile; fileRef = 75A5D03B1CEAA8BA00866B76 /* __PhotoCropTests.swift */; };
		75A5D0471CEAA8BA00866B76 /* __PhotoCropUITests.swift in Sources */ = {isa = PBXBuildFile; fileRef = 75A5D0461CEAA8BA00866B76 /* __PhotoCropUITests.swift */; };
/* End PBXBuildFile section */

/* Begin PBXContainerItemProxy section */
		75A5D0381CEAA8BA00866B76 /* PBXContainerItemProxy */ = {
			isa = PBXContainerItemProxy;
			containerPortal = 75A5D01B1CEAA8BA00866B76 /* Project object */;
			proxyType = 1;
			remoteGlobalIDString = 75A5D0221CEAA8BA00866B76;
			remoteInfo = 3.PhotoCrop;
		};
		75A5D0431CEAA8BA00866B76 /* PBXContainerItemProxy */ = {
			isa = PBXContainerItemProxy;
			containerPortal = 75A5D01B1CEAA8BA00866B76 /* Project object */;
			proxyType = 1;
			remoteGlobalIDString = 75A5D0221CEAA8BA00866B76;
			remoteInfo = 3.PhotoCrop;
		};
/* End PBXContainerItemProxy section */

/* Begin PBXFileReference section */
		75A5D0231CEAA8BA00866B76 /* 3.PhotoCrop.app */ = {isa = PBXFileReference; explicitFileType = wrapper.application; includeInIndex = 0; path = 3.PhotoCrop.app; sourceTree = BUILT_PRODUCTS_DIR; };
		75A5D0261CEAA8BA00866B76 /* AppDelegate.swift */ = {isa = PBXFileReference; lastKnownFileType = sourcecode.swift; path = AppDelegate.swift; sourceTree = "<group>"; };
		75A5D0281CEAA8BA00866B76 /* ViewController.swift */ = {isa = PBXFileReference; lastKnownFileType = sourcecode.swift; path = ViewController.swift; sourceTree = "<group>"; };
		75A5D02B1CEAA8BA00866B76 /* Base */ = {isa = PBXFileReference; lastKnownFileType = file.storyboard; name = Base; path = Base.lproj/Main.storyboard; sourceTree = "<group>"; };
		75A5D02D1CEAA8BA00866B76 /* Assets.xcassets */ = {isa = PBXFileReference; lastKnownFileType = folder.assetcatalog; path = Assets.xcassets; sourceTree = "<group>"; };
		75A5D0301CEAA8BA00866B76 /* Base */ = {isa = PBXFileReference; lastKnownFileType = file.storyboard; name = Base; path = Base.lproj/LaunchScreen.storyboard; sourceTree = "<group>"; };
		75A5D0321CEAA8BA00866B76 /* Info.plist */ = {isa = PBXFileReference; lastKnownFileType = text.plist.xml; path = Info.plist; sourceTree = "<group>"; };
		75A5D0371CEAA8BA00866B76 /* 3.PhotoCropTests.xctest */ = {isa = PBXFileReference; explicitFileType = wrapper.cfbundle; includeInIndex = 0; path = 3.PhotoCropTests.xctest; sourceTree = BUILT_PRODUCTS_DIR; };
		75A5D03B1CEAA8BA00866B76 /* __PhotoCropTests.swift */ = {isa = PBXFileReference; lastKnownFileType = sourcecode.swift; path = __PhotoCropTests.swift; sourceTree = "<group>"; };
		75A5D03D1CEAA8BA00866B76 /* Info.plist */ = {isa = PBXFileReference; lastKnownFileType = text.plist.xml; path = Info.plist; sourceTree = "<group>"; };
		75A5D0421CEAA8BA00866B76 /* 3.PhotoCropUITests.xctest */ = {isa = PBXFileReference; explicitFileType = wrapper.cfbundle; includeInIndex = 0; path = 3.PhotoCropUITests.xctest; sourceTree = BUILT_PRODUCTS_DIR; };
		75A5D0461CEAA8BA00866B76 /* __PhotoCropUITests.swift */ = {isa = PBXFileReference; lastKnownFileType = sourcecode.swift; path = __PhotoCropUITests.swift; sourceTree = "<group>"; };
		75A5D0481CEAA8BA00866B76 /* Info.plist */ = {isa = PBXFileReference; lastKnownFileType = text.plist.xml; path = Info.plist; sourceTree = "<group>"; };
/* End PBXFileReference section */

/* Begin PBXFrameworksBuildPhase section */
		75A5D0201CEAA8BA00866B76 /* Frameworks */ = {
			isa = PBXFrameworksBuildPhase;
			buildActionMask = 2147483647;
			files = (
			);
			runOnlyForDeploymentPostprocessing = 0;
		};
		75A5D0341CEAA8BA00866B76 /* Frameworks */ = {
			isa = PBXFrameworksBuildPhase;
			buildActionMask = 2147483647;
			files = (
			);
			runOnlyForDeploymentPostprocessing = 0;
		};
		75A5D03F1CEAA8BA00866B76 /* Frameworks */ = {
			isa = PBXFrameworksBuildPhase;
			buildActionMask = 2147483647;
			files = (
			);
			runOnlyForDeploymentPostprocessing = 0;
		};
/* End PBXFrameworksBuildPhase section */

/* Begin PBXGroup section */
		75A5D01A1CEAA8BA00866B76 = {
			isa = PBXGroup;
			children = (
				75A5D0251CEAA8BA00866B76 /* 3.PhotoCrop */,
				75A5D03A1CEAA8BA00866B76 /* 3.PhotoCropTests */,
				75A5D0451CEAA8BA00866B76 /* 3.PhotoCropUITests */,
				75A5D0241CEAA8BA00866B76 /* Products */,
			);
			sourceTree = "<group>";
		};
		75A5D0241CEAA8BA00866B76 /* Products */ = {
			isa = PBXGroup;
			children = (
				75A5D0231CEAA8BA00866B76 /* 3.PhotoCrop.app */,
				75A5D0371CEAA8BA00866B76 /* 3.PhotoCropTests.xctest */,
				75A5D0421CEAA8BA00866B76 /* 3.PhotoCropUITests.xctest */,
			);
			name = Products;
			sourceTree = "<group>";
		};
		75A5D0251CEAA8BA00866B76 /* 3.PhotoCrop */ = {
			isa = PBXGroup;
			children = (
				75A5D0261CEAA8BA00866B76 /* AppDelegate.swift */,
				75A5D0281CEAA8BA00866B76 /* ViewController.swift */,
				75A5D02A1CEAA8BA00866B76 /* Main.storyboard */,
				75A5D02D1CEAA8BA00866B76 /* Assets.xcassets */,
				75A5D02F1CEAA8BA00866B76 /* LaunchScreen.storyboard */,
				75A5D0321CEAA8BA00866B76 /* Info.plist */,
			);
			path = 3.PhotoCrop;
			sourceTree = "<group>";
		};
		75A5D03A1CEAA8BA00866B76 /* 3.PhotoCropTests */ = {
			isa = PBXGroup;
			children = (
				75A5D03B1CEAA8BA00866B76 /* __PhotoCropTests.swift */,
				75A5D03D1CEAA8BA00866B76 /* Info.plist */,
			);
			path = 3.PhotoCropTests;
			sourceTree = "<group>";
		};
		75A5D0451CEAA8BA00866B76 /* 3.PhotoCropUITests */ = {
			isa = PBXGroup;
			children = (
				75A5D0461CEAA8BA00866B76 /* __PhotoCropUITests.swift */,
				75A5D0481CEAA8BA00866B76 /* Info.plist */,
			);
			path = 3.PhotoCropUITests;
			sourceTree = "<group>";
		};
/* End PBXGroup section */

/* Begin PBXNativeTarget section */
		75A5D0221CEAA8BA00866B76 /* 3.PhotoCrop */ = {
			isa = PBXNativeTarget;
			buildConfigurationList = 75A5D04B1CEAA8BA00866B76 /* Build configuration list for PBXNativeTarget "3.PhotoCrop" */;
			buildPhases = (
				75A5D01F1CEAA8BA00866B76 /* Sources */,
				75A5D0201CEAA8BA00866B76 /* Frameworks */,
				75A5D0211CEAA8BA00866B76 /* Resources */,
			);
			buildRules = (
			);
			dependencies = (
			);
			name = 3.PhotoCrop;
			productName = 3.PhotoCrop;
			productReference = 75A5D0231CEAA8BA00866B76 /* 3.PhotoCrop.app */;
			productType = "com.apple.product-type.application";
		};
		75A5D0361CEAA8BA00866B76 /* 3.PhotoCropTests */ = {
			isa = PBXNativeTarget;
			buildConfigurationList = 75A5D04E1CEAA8BA00866B76 /* Build configuration list for PBXNativeTarget "3.PhotoCropTests" */;
			buildPhases = (
				75A5D0331CEAA8BA00866B76 /* Sources */,
				75A5D0341CEAA8BA00866B76 /* Frameworks */,
				75A5D0351CEAA8BA00866B76 /* Resources */,
			);
			buildRules = (
			);
			dependencies = (
				75A5D0391CEAA8BA00866B76 /* PBXTargetDependency */,
			);
			name = 3.PhotoCropTests;
			productName = 3.PhotoCropTests;
			productReference = 75A5D0371CEAA8BA00866B76 /* 3.PhotoCropTests.xctest */;
			productType = "com.apple.product-type.bundle.unit-test";
		};
		75A5D0411CEAA8BA00866B76 /* 3.PhotoCropUITests */ = {
			isa = PBXNativeTarget;
			buildConfigurationList = 75A5D0511CEAA8BA00866B76 /* Build configuration list for PBXNativeTarget "3.PhotoCropUITests" */;
			buildPhases = (
				75A5D03E1CEAA8BA00866B76 /* Sources */,
				75A5D03F1CEAA8BA00866B76 /* Frameworks */,
				75A5D0401CEAA8BA00866B76 /* Resources */,
			);
			buildRules = (
			);
			dependencies = (
				75A5D0441CEAA8BA00866B76 /* PBXTargetDependency */,
			);
			name = 3.PhotoCropUITests;
			productName = 3.PhotoCropUITests;
			productReference = 75A5D0421CEAA8BA00866B76 /* 3.PhotoCropUITests.xctest */;
			productType = "com.apple.product-type.bundle.ui-testing";
		};
/* End PBXNativeTarget section */

/* Begin PBXProject section */
		75A5D01B1CEAA8BA00866B76 /* Project object */ = {
			isa = PBXProject;
			attributes = {
				LastSwiftUpdateCheck = 0730;
				LastUpgradeCheck = 0730;
				ORGANIZATIONNAME = corotata;
				TargetAttributes = {
					75A5D0221CEAA8BA00866B76 = {
						CreatedOnToolsVersion = 7.3.1;
					};
					75A5D0361CEAA8BA00866B76 = {
						CreatedOnToolsVersion = 7.3.1;
						TestTargetID = 75A5D0221CEAA8BA00866B76;
					};
					75A5D0411CEAA8BA00866B76 = {
						CreatedOnToolsVersion = 7.3.1;
						TestTargetID = 75A5D0221CEAA8BA00866B76;
					};
				};
			};
			buildConfigurationList = 75A5D01E1CEAA8BA00866B76 /* Build configuration list for PBXProject "3.PhotoCrop" */;
			compatibilityVersion = "Xcode 3.2";
			developmentRegion = English;
			hasScannedForEncodings = 0;
			knownRegions = (
				en,
				Base,
			);
			mainGroup = 75A5D01A1CEAA8BA00866B76;
			productRefGroup = 75A5D0241CEAA8BA00866B76 /* Products */;
			projectDirPath = "";
			projectRoot = "";
			targets = (
				75A5D0221CEAA8BA00866B76 /* 3.PhotoCrop */,
				75A5D0361CEAA8BA00866B76 /* 3.PhotoCropTests */,
				75A5D0411CEAA8BA00866B76 /* 3.PhotoCropUITests */,
			);
		};
/* End PBXProject section */

/* Begin PBXResourcesBuildPhase section */
		75A5D0211CEAA8BA00866B76 /* Resources */ = {
			isa = PBXResourcesBuildPhase;
			buildActionMask = 2147483647;
			files = (
				75A5D0311CEAA8BA00866B76 /* LaunchScreen.storyboard in Resources */,
				75A5D02E1CEAA8BA00866B76 /* Assets.xcassets in Resources */,
				75A5D02C1CEAA8BA00866B76 /* Main.storyboard in Resources */,
			);
			runOnlyForDeploymentPostprocessing = 0;
		};
		75A5D0351CEAA8BA00866B76 /* Resources */ = {
			isa = PBXResourcesBuildPhase;
			buildActionMask = 2147483647;
			files = (
			);
			runOnlyForDeploymentPostprocessing = 0;
		};
		75A5D0401CEAA8BA00866B76 /* Resources */ = {
			isa = PBXResourcesBuildPhase;
			buildActionMask = 2147483647;
			files = (
			);
			runOnlyForDeploymentPostprocessing = 0;
		};
/* End PBXResourcesBuildPhase section */

/* Begin PBXSourcesBuildPhase section */
		75A5D01F1CEAA8BA00866B76 /* Sources */ = {
			isa = PBXSourcesBuildPhase;
			buildActionMask = 2147483647;
			files = (
				75A5D0291CEAA8BA00866B76 /* ViewController.swift in Sources */,
				75A5D0271CEAA8BA00866B76 /* AppDelegate.swift in Sources */,
			);
			runOnlyForDeploymentPostprocessing = 0;
		};
		75A5D0331CEAA8BA00866B76 /* Sources */ = {
			isa = PBXSourcesBuildPhase;
			buildActionMask = 2147483647;
			files = (
				75A5D03C1CEAA8BA00866B76 /* __PhotoCropTests.swift in Sources */,
			);
			runOnlyForDeploymentPostprocessing = 0;
		};
		75A5D03E1CEAA8BA00866B76 /* Sources */ = {
			isa = PBXSourcesBuildPhase;
			buildActionMask = 2147483647;
			files = (
				75A5D0471CEAA8BA00866B76 /* __PhotoCropUITests.swift in Sources */,
			);
			runOnlyForDeploymentPostprocessing = 0;
		};
/* End PBXSourcesBuildPhase section */

/* Begin PBXTargetDependency section */
		75A5D0391CEAA8BA00866B76 /* PBXTargetDependency */ = {
			isa = PBXTargetDependency;
			target = 75A5D0221CEAA8BA00866B76 /* 3.PhotoCrop */;
			targetProxy = 75A5D0381CEAA8BA00866B76 /* PBXContainerItemProxy */;
		};
		75A5D0441CEAA8BA00866B76 /* PBXTargetDependency */ = {
			isa = PBXTargetDependency;
			target = 75A5D0221CEAA8BA00866B76 /* 3.PhotoCrop */;
			targetProxy = 75A5D0431CEAA8BA00866B76 /* PBXContainerItemProxy */;
		};
/* End PBXTargetDependency section */

/* Begin PBXVariantGroup section */
		75A5D02A1CEAA8BA00866B76 /* Main.storyboard */ = {
			isa = PBXVariantGroup;
			children = (
				75A5D02B1CEAA8BA00866B76 /* Base */,
			);
			name = Main.storyboard;
			sourceTree = "<group>";
		};
		75A5D02F1CEAA8BA00866B76 /* LaunchScreen.storyboard */ = {
			isa = PBXVariantGroup;
			children = (
				75A5D0301CEAA8BA00866B76 /* Base */,
			);
			name = LaunchScreen.storyboard;
			sourceTree = "<group>";
		};
/* End PBXVariantGroup section */

/* Begin XCBuildConfiguration section */
		75A5D0491CEAA8BA00866B76 /* Debug */ = {
			isa = XCBuildConfiguration;
			buildSettings = {
				ALWAYS_SEARCH_USER_PATHS = NO;
				CLANG_ANALYZER_NONNULL = YES;
				CLANG_CXX_LANGUAGE_STANDARD = "gnu++0x";
				CLANG_CXX_LIBRARY = "libc++";
				CLANG_ENABLE_MODULES = YES;
				CLANG_ENABLE_OBJC_ARC = YES;
				CLANG_WARN_BOOL_CONVERSION = YES;
				CLANG_WARN_CONSTANT_CONVERSION = YES;
				CLANG_WARN_DIRECT_OBJC_ISA_USAGE = YES_ERROR;
				CLANG_WARN_EMPTY_BODY = YES;
				CLANG_WARN_ENUM_CONVERSION = YES;
				CLANG_WARN_INT_CONVERSION = YES;
				CLANG_WARN_OBJC_ROOT_CLASS = YES_ERROR;
				CLANG_WARN_UNREACHABLE_CODE = YES;
				CLANG_WARN__DUPLICATE_METHOD_MATCH = YES;
				"CODE_SIGN_IDENTITY[sdk=iphoneos*]" = "iPhone Developer";
				COPY_PHASE_STRIP = NO;
				DEBUG_INFORMATION_FORMAT = dwarf;
				ENABLE_STRICT_OBJC_MSGSEND = YES;
				ENABLE_TESTABILITY = YES;
				GCC_C_LANGUAGE_STANDARD = gnu99;
				GCC_DYNAMIC_NO_PIC = NO;
				GCC_NO_COMMON_BLOCKS = YES;
				GCC_OPTIMIZATION_LEVEL = 0;
				GCC_PREPROCESSOR_DEFINITIONS = (
					"DEBUG=1",
					"$(inherited)",
				);
				GCC_WARN_64_TO_32_BIT_CONVERSION = YES;
				GCC_WARN_ABOUT_RETURN_TYPE = YES_ERROR;
				GCC_WARN_UNDECLARED_SELECTOR = YES;
				GCC_WARN_UNINITIALIZED_AUTOS = YES_AGGRESSIVE;
				GCC_WARN_UNUSED_FUNCTION = YES;
				GCC_WARN_UNUSED_VARIABLE = YES;
				IPHONEOS_DEPLOYMENT_TARGET = 9.3;
				MTL_ENABLE_DEBUG_INFO = YES;
				ONLY_ACTIVE_ARCH = YES;
				SDKROOT = iphoneos;
				SWIFT_OPTIMIZATION_LEVEL = "-Onone";
				TARGETED_DEVICE_FAMILY = "1,2";
			};
			name = Debug;
		};
		75A5D04A1CEAA8BA00866B76 /* Release */ = {
			isa = XCBuildConfiguration;
			buildSettings = {
				ALWAYS_SEARCH_USER_PATHS = NO;
				CLANG_ANALYZER_NONNULL = YES;
				CLANG_CXX_LANGUAGE_STANDARD = "gnu++0x";
				CLANG_CXX_LIBRARY = "libc++";
				CLANG_ENABLE_MODULES = YES;
				CLANG_ENABLE_OBJC_ARC = YES;
				CLANG_WARN_BOOL_CONVERSION = YES;
				CLANG_WARN_CONSTANT_CONVERSION = YES;
				CLANG_WARN_DIRECT_OBJC_ISA_USAGE = YES_ERROR;
				CLANG_WARN_EMPTY_BODY = YES;
				CLANG_WARN_ENUM_CONVERSION = YES;
				CLANG_WARN_INT_CONVERSION = YES;
				CLANG_WARN_OBJC_ROOT_CLASS = YES_ERROR;
				CLANG_WARN_UNREACHABLE_CODE = YES;
				CLANG_WARN__DUPLICATE_METHOD_MATCH = YES;
				"CODE_SIGN_IDENTITY[sdk=iphoneos*]" = "iPhone Developer";
				COPY_PHASE_STRIP = NO;
				DEBUG_INFORMATION_FORMAT = "dwarf-with-dsym";
				ENABLE_NS_ASSERTIONS = NO;
				ENABLE_STRICT_OBJC_MSGSEND = YES;
				GCC_C_LANGUAGE_STANDARD = gnu99;
				GCC_NO_COMMON_BLOCKS = YES;
				GCC_WARN_64_TO_32_BIT_CONVERSION = YES;
				GCC_WARN_ABOUT_RETURN_TYPE = YES_ERROR;
				GCC_WARN_UNDECLARED_SELECTOR = YES;
				GCC_WARN_UNINITIALIZED_AUTOS = YES_AGGRESSIVE;
				GCC_WARN_UNUSED_FUNCTION = YES;
				GCC_WARN_UNUSED_VARIABLE = YES;
				IPHONEOS_DEPLOYMENT_TARGET = 9.3;
				MTL_ENABLE_DEBUG_INFO = NO;
				SDKROOT = iphoneos;
				TARGETED_DEVICE_FAMILY = "1,2";
				VALIDATE_PRODUCT = YES;
			};
			name = Release;
		};
		75A5D04C1CEAA8BA00866B76 /* Debug */ = {
			isa = XCBuildConfiguration;
			buildSettings = {
				ASSETCATALOG_COMPILER_APPICON_NAME = AppIcon;
				INFOPLIST_FILE = 3.PhotoCrop/Info.plist;
				LD_RUNPATH_SEARCH_PATHS = "$(inherited) @executable_path/Frameworks";
				PRODUCT_BUNDLE_IDENTIFIER = "com.corotata.--PhotoCrop";
				PRODUCT_NAME = "$(TARGET_NAME)";
			};
			name = Debug;
		};
		75A5D04D1CEAA8BA00866B76 /* Release */ = {
			isa = XCBuildConfiguration;
			buildSettings = {
				ASSETCATALOG_COMPILER_APPICON_NAME = AppIcon;
				INFOPLIST_FILE = 3.PhotoCrop/Info.plist;
				LD_RUNPATH_SEARCH_PATHS = "$(inherited) @executable_path/Frameworks";
				PRODUCT_BUNDLE_IDENTIFIER = "com.corotata.--PhotoCrop";
				PRODUCT_NAME = "$(TARGET_NAME)";
			};
			name = Release;
		};
		75A5D04F1CEAA8BA00866B76 /* Debug */ = {
			isa = XCBuildConfiguration;
			buildSettings = {
				BUNDLE_LOADER = "$(TEST_HOST)";
				INFOPLIST_FILE = 3.PhotoCropTests/Info.plist;
				LD_RUNPATH_SEARCH_PATHS = "$(inherited) @executable_path/Frameworks @loader_path/Frameworks";
				PRODUCT_BUNDLE_IDENTIFIER = "com.corotata.--PhotoCropTests";
				PRODUCT_NAME = "$(TARGET_NAME)";
				TEST_HOST = "$(BUILT_PRODUCTS_DIR)/3.PhotoCrop.app/3.PhotoCrop";
			};
			name = Debug;
		};
		75A5D0501CEAA8BA00866B76 /* Release */ = {
			isa = XCBuildConfiguration;
			buildSettings = {
				BUNDLE_LOADER = "$(TEST_HOST)";
				INFOPLIST_FILE = 3.PhotoCropTests/Info.plist;
				LD_RUNPATH_SEARCH_PATHS = "$(inherited) @executable_path/Frameworks @loader_path/Frameworks";
				PRODUCT_BUNDLE_IDENTIFIER = "com.corotata.--PhotoCropTests";
				PRODUCT_NAME = "$(TARGET_NAME)";
				TEST_HOST = "$(BUILT_PRODUCTS_DIR)/3.PhotoCrop.app/3.PhotoCrop";
			};
			name = Release;
		};
		75A5D0521CEAA8BA00866B76 /* Debug */ = {
			isa = XCBuildConfiguration;
			buildSettings = {
				INFOPLIST_FILE = 3.PhotoCropUITests/Info.plist;
				LD_RUNPATH_SEARCH_PATHS = "$(inherited) @executable_path/Frameworks @loader_path/Frameworks";
				PRODUCT_BUNDLE_IDENTIFIER = "com.corotata.--PhotoCropUITests";
				PRODUCT_NAME = "$(TARGET_NAME)";
				TEST_TARGET_NAME = 3.PhotoCrop;
			};
			name = Debug;
		};
		75A5D0531CEAA8BA00866B76 /* Release */ = {
			isa = XCBuildConfiguration;
			buildSettings = {
				INFOPLIST_FILE = 3.PhotoCropUITests/Info.plist;
				LD_RUNPATH_SEARCH_PATHS = "$(inherited) @executable_path/Frameworks @loader_path/Frameworks";
				PRODUCT_BUNDLE_IDENTIFIER = "com.corotata.--PhotoCropUITests";
				PRODUCT_NAME = "$(TARGET_NAME)";
				TEST_TARGET_NAME = 3.PhotoCrop;
			};
			name = Release;
		};
/* End XCBuildConfiguration section */

/* Begin XCConfigurationList section */
		75A5D01E1CEAA8BA00866B76 /* Build configuration list for PBXProject "3.PhotoCrop" */ = {
			isa = XCConfigurationList;
			buildConfigurations = (
				75A5D0491CEAA8BA00866B76 /* Debug */,
				75A5D04A1CEAA8BA00866B76 /* Release */,
			);
			defaultConfigurationIsVisible = 0;
			defaultConfigurationName = Release;
		};
		75A5D04B1CEAA8BA00866B76 /* Build configuration list for PBXNativeTarget "3.PhotoCrop" */ = {
			isa = XCConfigurationList;
			buildConfigurations = (
				75A5D04C1CEAA8BA00866B76 /* Debug */,
				75A5D04D1CEAA8BA00866B76 /* Release */,
			);
			defaultConfigurationIsVisible = 0;
		};
		75A5D04E1CEAA8BA00866B76 /* Build configuration list for PBXNativeTarget "3.PhotoCropTests" */ = {
			isa = XCConfigurationList;
			buildConfigurations = (
				75A5D04F1CEAA8BA00866B76 /* Debug */,
				75A5D0501CEAA8BA00866B76 /* Release */,
			);
			defaultConfigurationIsVisible = 0;
		};
		75A5D0511CEAA8BA00866B76 /* Build configuration list for PBXNativeTarget "3.PhotoCropUITests" */ = {
			isa = XCConfigurationList;
			buildConfigurations = (
				75A5D0521CEAA8BA00866B76 /* Debug */,
				75A5D0531CEAA8BA00866B76 /* Release */,
			);
			defaultConfigurationIsVisible = 0;
		};
/* End XCConfigurationList section */
	};
	rootObject = 75A5D01B1CEAA8BA00866B76 /* Project object */;
}
