// !$*UTF8*$!
{
	archiveVersion = 1;
	classes = {
	};
	objectVersion = 46;
	objects = {

/* Begin PBXBuildFile section */
		759054F31CF5C3E500F4E6D0 /* AppDelegate.swift in Sources */ = {isa = PBXBuildFile; fileRef = 759054F21CF5C3E500F4E6D0 /* AppDelegate.swift */; };
		759054F51CF5C3E500F4E6D0 /* ViewController.swift in Sources */ = {isa = PBXBuildFile; fileRef = 759054F41CF5C3E500F4E6D0 /* ViewController.swift */; };
		759054F81CF5C3E500F4E6D0 /* Main.storyboard in Resources */ = {isa = PBXBuildFile; fileRef = 759054F61CF5C3E500F4E6D0 /* Main.storyboard */; };
		759054FA1CF5C3E500F4E6D0 /* Assets.xcassets in Resources */ = {isa = PBXBuildFile; fileRef = 759054F91CF5C3E500F4E6D0 /* Assets.xcassets */; };
		759054FD1CF5C3E500F4E6D0 /* LaunchScreen.storyboard in Resources */ = {isa = PBXBuildFile; fileRef = 759054FB1CF5C3E500F4E6D0 /* LaunchScreen.storyboard */; };
		759055081CF5C3E500F4E6D0 /* __CustomPlantProgressTests.swift in Sources */ = {isa = PBXBuildFile; fileRef = 759055071CF5C3E500F4E6D0 /* __CustomPlantProgressTests.swift */; };
		759055131CF5C3E500F4E6D0 /* __CustomPlantProgressUITests.swift in Sources */ = {isa = PBXBuildFile; fileRef = 759055121CF5C3E500F4E6D0 /* __CustomPlantProgressUITests.swift */; };
		759055211CF5C3FB00F4E6D0 /* CustomPlantProgress.swift in Sources */ = {isa = PBXBuildFile; fileRef = 759055201CF5C3FB00F4E6D0 /* CustomPlantProgress.swift */; };
/* End PBXBuildFile section */

/* Begin PBXContainerItemProxy section */
		759055041CF5C3E500F4E6D0 /* PBXContainerItemProxy */ = {
			isa = PBXContainerItemProxy;
			containerPortal = 759054E71CF5C3E500F4E6D0 /* Project object */;
			proxyType = 1;
			remoteGlobalIDString = 759054EE1CF5C3E500F4E6D0;
			remoteInfo = 4.CustomPlantProgress;
		};
		7590550F1CF5C3E500F4E6D0 /* PBXContainerItemProxy */ = {
			isa = PBXContainerItemProxy;
			containerPortal = 759054E71CF5C3E500F4E6D0 /* Project object */;
			proxyType = 1;
			remoteGlobalIDString = 759054EE1CF5C3E500F4E6D0;
			remoteInfo = 4.CustomPlantProgress;
		};
/* End PBXContainerItemProxy section */

/* Begin PBXFileReference section */
		759054EF1CF5C3E500F4E6D0 /* 4.CustomPlantProgress.app */ = {isa = PBXFileReference; explicitFileType = wrapper.application; includeInIndex = 0; path = 4.CustomPlantProgress.app; sourceTree = BUILT_PRODUCTS_DIR; };
		759054F21CF5C3E500F4E6D0 /* AppDelegate.swift */ = {isa = PBXFileReference; lastKnownFileType = sourcecode.swift; path = AppDelegate.swift; sourceTree = "<group>"; };
		759054F41CF5C3E500F4E6D0 /* ViewController.swift */ = {isa = PBXFileReference; lastKnownFileType = sourcecode.swift; path = ViewController.swift; sourceTree = "<group>"; };
		759054F71CF5C3E500F4E6D0 /* Base */ = {isa = PBXFileReference; lastKnownFileType = file.storyboard; name = Base; path = Base.lproj/Main.storyboard; sourceTree = "<group>"; };
		759054F91CF5C3E500F4E6D0 /* Assets.xcassets */ = {isa = PBXFileReference; lastKnownFileType = folder.assetcatalog; path = Assets.xcassets; sourceTree = "<group>"; };
		759054FC1CF5C3E500F4E6D0 /* Base */ = {isa = PBXFileReference; lastKnownFileType = file.storyboard; name = Base; path = Base.lproj/LaunchScreen.storyboard; sourceTree = "<group>"; };
		759054FE1CF5C3E500F4E6D0 /* Info.plist */ = {isa = PBXFileReference; lastKnownFileType = text.plist.xml; path = Info.plist; sourceTree = "<group>"; };
		759055031CF5C3E500F4E6D0 /* 4.CustomPlantProgressTests.xctest */ = {isa = PBXFileReference; explicitFileType = wrapper.cfbundle; includeInIndex = 0; path = 4.CustomPlantProgressTests.xctest; sourceTree = BUILT_PRODUCTS_DIR; };
		759055071CF5C3E500F4E6D0 /* __CustomPlantProgressTests.swift */ = {isa = PBXFileReference; lastKnownFileType = sourcecode.swift; path = __CustomPlantProgressTests.swift; sourceTree = "<group>"; };
		759055091CF5C3E500F4E6D0 /* Info.plist */ = {isa = PBXFileReference; lastKnownFileType = text.plist.xml; path = Info.plist; sourceTree = "<group>"; };
		7590550E1CF5C3E500F4E6D0 /* 4.CustomPlantProgressUITests.xctest */ = {isa = PBXFileReference; explicitFileType = wrapper.cfbundle; includeInIndex = 0; path = 4.CustomPlantProgressUITests.xctest; sourceTree = BUILT_PRODUCTS_DIR; };
		759055121CF5C3E500F4E6D0 /* __CustomPlantProgressUITests.swift */ = {isa = PBXFileReference; lastKnownFileType = sourcecode.swift; path = __CustomPlantProgressUITests.swift; sourceTree = "<group>"; };
		759055141CF5C3E500F4E6D0 /* Info.plist */ = {isa = PBXFileReference; lastKnownFileType = text.plist.xml; path = Info.plist; sourceTree = "<group>"; };
		759055201CF5C3FB00F4E6D0 /* CustomPlantProgress.swift */ = {isa = PBXFileReference; fileEncoding = 4; lastKnownFileType = sourcecode.swift; path = CustomPlantProgress.swift; sourceTree = "<group>"; };
/* End PBXFileReference section */

/* Begin PBXFrameworksBuildPhase section */
		759054EC1CF5C3E500F4E6D0 /* Frameworks */ = {
			isa = PBXFrameworksBuildPhase;
			buildActionMask = 2147483647;
			files = (
			);
			runOnlyForDeploymentPostprocessing = 0;
		};
		759055001CF5C3E500F4E6D0 /* Frameworks */ = {
			isa = PBXFrameworksBuildPhase;
			buildActionMask = 2147483647;
			files = (
			);
			runOnlyForDeploymentPostprocessing = 0;
		};
		7590550B1CF5C3E500F4E6D0 /* Frameworks */ = {
			isa = PBXFrameworksBuildPhase;
			buildActionMask = 2147483647;
			files = (
			);
			runOnlyForDeploymentPostprocessing = 0;
		};
/* End PBXFrameworksBuildPhase section */

/* Begin PBXGroup section */
		759054E61CF5C3E500F4E6D0 = {
			isa = PBXGroup;
			children = (
				759054F11CF5C3E500F4E6D0 /* 4.CustomPlantProgress */,
				759055061CF5C3E500F4E6D0 /* 4.CustomPlantProgressTests */,
				759055111CF5C3E500F4E6D0 /* 4.CustomPlantProgressUITests */,
				759054F01CF5C3E500F4E6D0 /* Products */,
			);
			sourceTree = "<group>";
		};
		759054F01CF5C3E500F4E6D0 /* Products */ = {
			isa = PBXGroup;
			children = (
				759054EF1CF5C3E500F4E6D0 /* 4.CustomPlantProgress.app */,
				759055031CF5C3E500F4E6D0 /* 4.CustomPlantProgressTests.xctest */,
				7590550E1CF5C3E500F4E6D0 /* 4.CustomPlantProgressUITests.xctest */,
			);
			name = Products;
			sourceTree = "<group>";
		};
		759054F11CF5C3E500F4E6D0 /* 4.CustomPlantProgress */ = {
			isa = PBXGroup;
			children = (
				759054F21CF5C3E500F4E6D0 /* AppDelegate.swift */,
				759054F41CF5C3E500F4E6D0 /* ViewController.swift */,
				759054F61CF5C3E500F4E6D0 /* Main.storyboard */,
				759054F91CF5C3E500F4E6D0 /* Assets.xcassets */,
				759054FB1CF5C3E500F4E6D0 /* LaunchScreen.storyboard */,
				759054FE1CF5C3E500F4E6D0 /* Info.plist */,
				759055201CF5C3FB00F4E6D0 /* CustomPlantProgress.swift */,
			);
			path = 4.CustomPlantProgress;
			sourceTree = "<group>";
		};
		759055061CF5C3E500F4E6D0 /* 4.CustomPlantProgressTests */ = {
			isa = PBXGroup;
			children = (
				759055071CF5C3E500F4E6D0 /* __CustomPlantProgressTests.swift */,
				759055091CF5C3E500F4E6D0 /* Info.plist */,
			);
			path = 4.CustomPlantProgressTests;
			sourceTree = "<group>";
		};
		759055111CF5C3E500F4E6D0 /* 4.CustomPlantProgressUITests */ = {
			isa = PBXGroup;
			children = (
				759055121CF5C3E500F4E6D0 /* __CustomPlantProgressUITests.swift */,
				759055141CF5C3E500F4E6D0 /* Info.plist */,
			);
			path = 4.CustomPlantProgressUITests;
			sourceTree = "<group>";
		};
/* End PBXGroup section */

/* Begin PBXNativeTarget section */
		759054EE1CF5C3E500F4E6D0 /* 4.CustomPlantProgress */ = {
			isa = PBXNativeTarget;
			buildConfigurationList = 759055171CF5C3E500F4E6D0 /* Build configuration list for PBXNativeTarget "4.CustomPlantProgress" */;
			buildPhases = (
				759054EB1CF5C3E500F4E6D0 /* Sources */,
				759054EC1CF5C3E500F4E6D0 /* Frameworks */,
				759054ED1CF5C3E500F4E6D0 /* Resources */,
			);
			buildRules = (
			);
			dependencies = (
			);
			name = 4.CustomPlantProgress;
			productName = 4.CustomPlantProgress;
			productReference = 759054EF1CF5C3E500F4E6D0 /* 4.CustomPlantProgress.app */;
			productType = "com.apple.product-type.application";
		};
		759055021CF5C3E500F4E6D0 /* 4.CustomPlantProgressTests */ = {
			isa = PBXNativeTarget;
			buildConfigurationList = 7590551A1CF5C3E500F4E6D0 /* Build configuration list for PBXNativeTarget "4.CustomPlantProgressTests" */;
			buildPhases = (
				759054FF1CF5C3E500F4E6D0 /* Sources */,
				759055001CF5C3E500F4E6D0 /* Frameworks */,
				759055011CF5C3E500F4E6D0 /* Resources */,
			);
			buildRules = (
			);
			dependencies = (
				759055051CF5C3E500F4E6D0 /* PBXTargetDependency */,
			);
			name = 4.CustomPlantProgressTests;
			productName = 4.CustomPlantProgressTests;
			productReference = 759055031CF5C3E500F4E6D0 /* 4.CustomPlantProgressTests.xctest */;
			productType = "com.apple.product-type.bundle.unit-test";
		};
		7590550D1CF5C3E500F4E6D0 /* 4.CustomPlantProgressUITests */ = {
			isa = PBXNativeTarget;
			buildConfigurationList = 7590551D1CF5C3E500F4E6D0 /* Build configuration list for PBXNativeTarget "4.CustomPlantProgressUITests" */;
			buildPhases = (
				7590550A1CF5C3E500F4E6D0 /* Sources */,
				7590550B1CF5C3E500F4E6D0 /* Frameworks */,
				7590550C1CF5C3E500F4E6D0 /* Resources */,
			);
			buildRules = (
			);
			dependencies = (
				759055101CF5C3E500F4E6D0 /* PBXTargetDependency */,
			);
			name = 4.CustomPlantProgressUITests;
			productName = 4.CustomPlantProgressUITests;
			productReference = 7590550E1CF5C3E500F4E6D0 /* 4.CustomPlantProgressUITests.xctest */;
			productType = "com.apple.product-type.bundle.ui-testing";
		};
/* End PBXNativeTarget section */

/* Begin PBXProject section */
		759054E71CF5C3E500F4E6D0 /* Project object */ = {
			isa = PBXProject;
			attributes = {
				LastSwiftUpdateCheck = 0730;
				LastUpgradeCheck = 0730;
				ORGANIZATIONNAME = corotata;
				TargetAttributes = {
					759054EE1CF5C3E500F4E6D0 = {
						CreatedOnToolsVersion = 7.3.1;
					};
					759055021CF5C3E500F4E6D0 = {
						CreatedOnToolsVersion = 7.3.1;
						TestTargetID = 759054EE1CF5C3E500F4E6D0;
					};
					7590550D1CF5C3E500F4E6D0 = {
						CreatedOnToolsVersion = 7.3.1;
						TestTargetID = 759054EE1CF5C3E500F4E6D0;
					};
				};
			};
			buildConfigurationList = 759054EA1CF5C3E500F4E6D0 /* Build configuration list for PBXProject "4.CustomPlantProgress" */;
			compatibilityVersion = "Xcode 3.2";
			developmentRegion = English;
			hasScannedForEncodings = 0;
			knownRegions = (
				en,
				Base,
			);
			mainGroup = 759054E61CF5C3E500F4E6D0;
			productRefGroup = 759054F01CF5C3E500F4E6D0 /* Products */;
			projectDirPath = "";
			projectRoot = "";
			targets = (
				759054EE1CF5C3E500F4E6D0 /* 4.CustomPlantProgress */,
				759055021CF5C3E500F4E6D0 /* 4.CustomPlantProgressTests */,
				7590550D1CF5C3E500F4E6D0 /* 4.CustomPlantProgressUITests */,
			);
		};
/* End PBXProject section */

/* Begin PBXResourcesBuildPhase section */
		759054ED1CF5C3E500F4E6D0 /* Resources */ = {
			isa = PBXResourcesBuildPhase;
			buildActionMask = 2147483647;
			files = (
				759054FD1CF5C3E500F4E6D0 /* LaunchScreen.storyboard in Resources */,
				759054FA1CF5C3E500F4E6D0 /* Assets.xcassets in Resources */,
				759054F81CF5C3E500F4E6D0 /* Main.storyboard in Resources */,
			);
			runOnlyForDeploymentPostprocessing = 0;
		};
		759055011CF5C3E500F4E6D0 /* Resources */ = {
			isa = PBXResourcesBuildPhase;
			buildActionMask = 2147483647;
			files = (
			);
			runOnlyForDeploymentPostprocessing = 0;
		};
		7590550C1CF5C3E500F4E6D0 /* Resources */ = {
			isa = PBXResourcesBuildPhase;
			buildActionMask = 2147483647;
			files = (
			);
			runOnlyForDeploymentPostprocessing = 0;
		};
/* End PBXResourcesBuildPhase section */

/* Begin PBXSourcesBuildPhase section */
		759054EB1CF5C3E500F4E6D0 /* Sources */ = {
			isa = PBXSourcesBuildPhase;
			buildActionMask = 2147483647;
			files = (
				759054F51CF5C3E500F4E6D0 /* ViewController.swift in Sources */,
				759054F31CF5C3E500F4E6D0 /* AppDelegate.swift in Sources */,
				759055211CF5C3FB00F4E6D0 /* CustomPlantProgress.swift in Sources */,
			);
			runOnlyForDeploymentPostprocessing = 0;
		};
		759054FF1CF5C3E500F4E6D0 /* Sources */ = {
			isa = PBXSourcesBuildPhase;
			buildActionMask = 2147483647;
			files = (
				759055081CF5C3E500F4E6D0 /* __CustomPlantProgressTests.swift in Sources */,
			);
			runOnlyForDeploymentPostprocessing = 0;
		};
		7590550A1CF5C3E500F4E6D0 /* Sources */ = {
			isa = PBXSourcesBuildPhase;
			buildActionMask = 2147483647;
			files = (
				759055131CF5C3E500F4E6D0 /* __CustomPlantProgressUITests.swift in Sources */,
			);
			runOnlyForDeploymentPostprocessing = 0;
		};
/* End PBXSourcesBuildPhase section */

/* Begin PBXTargetDependency section */
		759055051CF5C3E500F4E6D0 /* PBXTargetDependency */ = {
			isa = PBXTargetDependency;
			target = 759054EE1CF5C3E500F4E6D0 /* 4.CustomPlantProgress */;
			targetProxy = 759055041CF5C3E500F4E6D0 /* PBXContainerItemProxy */;
		};
		759055101CF5C3E500F4E6D0 /* PBXTargetDependency */ = {
			isa = PBXTargetDependency;
			target = 759054EE1CF5C3E500F4E6D0 /* 4.CustomPlantProgress */;
			targetProxy = 7590550F1CF5C3E500F4E6D0 /* PBXContainerItemProxy */;
		};
/* End PBXTargetDependency section */

/* Begin PBXVariantGroup section */
		759054F61CF5C3E500F4E6D0 /* Main.storyboard */ = {
			isa = PBXVariantGroup;
			children = (
				759054F71CF5C3E500F4E6D0 /* Base */,
			);
			name = Main.storyboard;
			sourceTree = "<group>";
		};
		759054FB1CF5C3E500F4E6D0 /* LaunchScreen.storyboard */ = {
			isa = PBXVariantGroup;
			children = (
				759054FC1CF5C3E500F4E6D0 /* Base */,
			);
			name = LaunchScreen.storyboard;
			sourceTree = "<group>";
		};
/* End PBXVariantGroup section */

/* Begin XCBuildConfiguration section */
		759055151CF5C3E500F4E6D0 /* Debug */ = {
			isa = XCBuildConfiguration;
			buildSettings = {
				ALWAYS_SEARCH_USER_PATHS = NO;
				CLANG_ANALYZER_NONNULL = YES;
				CLANG_CXX_LANGUAGE_STANDARD = "gnu++0x";
				CLANG_CXX_LIBRARY = "libc++";
				CLANG_ENABLE_MODULES = YES;
				CLANG_ENABLE_OBJC_ARC = YES;
				CLANG_WARN_BOOL_CONVERSION = YES;
				CLANG_WARN_CONSTANT_CONVERSION = YES;
				CLANG_WARN_DIRECT_OBJC_ISA_USAGE = YES_ERROR;
				CLANG_WARN_EMPTY_BODY = YES;
				CLANG_WARN_ENUM_CONVERSION = YES;
				CLANG_WARN_INT_CONVERSION = YES;
				CLANG_WARN_OBJC_ROOT_CLASS = YES_ERROR;
				CLANG_WARN_UNREACHABLE_CODE = YES;
				CLANG_WARN__DUPLICATE_METHOD_MATCH = YES;
				"CODE_SIGN_IDENTITY[sdk=iphoneos*]" = "iPhone Developer";
				COPY_PHASE_STRIP = NO;
				DEBUG_INFORMATION_FORMAT = dwarf;
				ENABLE_STRICT_OBJC_MSGSEND = YES;
				ENABLE_TESTABILITY = YES;
				GCC_C_LANGUAGE_STANDARD = gnu99;
				GCC_DYNAMIC_NO_PIC = NO;
				GCC_NO_COMMON_BLOCKS = YES;
				GCC_OPTIMIZATION_LEVEL = 0;
				GCC_PREPROCESSOR_DEFINITIONS = (
					"DEBUG=1",
					"$(inherited)",
				);
				GCC_WARN_64_TO_32_BIT_CONVERSION = YES;
				GCC_WARN_ABOUT_RETURN_TYPE = YES_ERROR;
				GCC_WARN_UNDECLARED_SELECTOR = YES;
				GCC_WARN_UNINITIALIZED_AUTOS = YES_AGGRESSIVE;
				GCC_WARN_UNUSED_FUNCTION = YES;
				GCC_WARN_UNUSED_VARIABLE = YES;
				IPHONEOS_DEPLOYMENT_TARGET = 9.3;
				MTL_ENABLE_DEBUG_INFO = YES;
				ONLY_ACTIVE_ARCH = YES;
				SDKROOT = iphoneos;
				SWIFT_OPTIMIZATION_LEVEL = "-Onone";
				TARGETED_DEVICE_FAMILY = "1,2";
			};
			name = Debug;
		};
		759055161CF5C3E500F4E6D0 /* Release */ = {
			isa = XCBuildConfiguration;
			buildSettings = {
				ALWAYS_SEARCH_USER_PATHS = NO;
				CLANG_ANALYZER_NONNULL = YES;
				CLANG_CXX_LANGUAGE_STANDARD = "gnu++0x";
				CLANG_CXX_LIBRARY = "libc++";
				CLANG_ENABLE_MODULES = YES;
				CLANG_ENABLE_OBJC_ARC = YES;
				CLANG_WARN_BOOL_CONVERSION = YES;
				CLANG_WARN_CONSTANT_CONVERSION = YES;
				CLANG_WARN_DIRECT_OBJC_ISA_USAGE = YES_ERROR;
				CLANG_WARN_EMPTY_BODY = YES;
				CLANG_WARN_ENUM_CONVERSION = YES;
				CLANG_WARN_INT_CONVERSION = YES;
				CLANG_WARN_OBJC_ROOT_CLASS = YES_ERROR;
				CLANG_WARN_UNREACHABLE_CODE = YES;
				CLANG_WARN__DUPLICATE_METHOD_MATCH = YES;
				"CODE_SIGN_IDENTITY[sdk=iphoneos*]" = "iPhone Developer";
				COPY_PHASE_STRIP = NO;
				DEBUG_INFORMATION_FORMAT = "dwarf-with-dsym";
				ENABLE_NS_ASSERTIONS = NO;
				ENABLE_STRICT_OBJC_MSGSEND = YES;
				GCC_C_LANGUAGE_STANDARD = gnu99;
				GCC_NO_COMMON_BLOCKS = YES;
				GCC_WARN_64_TO_32_BIT_CONVERSION = YES;
				GCC_WARN_ABOUT_RETURN_TYPE = YES_ERROR;
				GCC_WARN_UNDECLARED_SELECTOR = YES;
				GCC_WARN_UNINITIALIZED_AUTOS = YES_AGGRESSIVE;
				GCC_WARN_UNUSED_FUNCTION = YES;
				GCC_WARN_UNUSED_VARIABLE = YES;
				IPHONEOS_DEPLOYMENT_TARGET = 9.3;
				MTL_ENABLE_DEBUG_INFO = NO;
				SDKROOT = iphoneos;
				TARGETED_DEVICE_FAMILY = "1,2";
				VALIDATE_PRODUCT = YES;
			};
			name = Release;
		};
		759055181CF5C3E500F4E6D0 /* Debug */ = {
			isa = XCBuildConfiguration;
			buildSettings = {
				ASSETCATALOG_COMPILER_APPICON_NAME = AppIcon;
				INFOPLIST_FILE = 4.CustomPlantProgress/Info.plist;
				LD_RUNPATH_SEARCH_PATHS = "$(inherited) @executable_path/Frameworks";
				PRODUCT_BUNDLE_IDENTIFIER = "com.corotata.--CustomPlantProgress";
				PRODUCT_NAME = "$(TARGET_NAME)";
			};
			name = Debug;
		};
		759055191CF5C3E500F4E6D0 /* Release */ = {
			isa = XCBuildConfiguration;
			buildSettings = {
				ASSETCATALOG_COMPILER_APPICON_NAME = AppIcon;
				INFOPLIST_FILE = 4.CustomPlantProgress/Info.plist;
				LD_RUNPATH_SEARCH_PATHS = "$(inherited) @executable_path/Frameworks";
				PRODUCT_BUNDLE_IDENTIFIER = "com.corotata.--CustomPlantProgress";
				PRODUCT_NAME = "$(TARGET_NAME)";
			};
			name = Release;
		};
		7590551B1CF5C3E500F4E6D0 /* Debug */ = {
			isa = XCBuildConfiguration;
			buildSettings = {
				BUNDLE_LOADER = "$(TEST_HOST)";
				INFOPLIST_FILE = 4.CustomPlantProgressTests/Info.plist;
				LD_RUNPATH_SEARCH_PATHS = "$(inherited) @executable_path/Frameworks @loader_path/Frameworks";
				PRODUCT_BUNDLE_IDENTIFIER = "com.corotata.--CustomPlantProgressTests";
				PRODUCT_NAME = "$(TARGET_NAME)";
				TEST_HOST = "$(BUILT_PRODUCTS_DIR)/4.CustomPlantProgress.app/4.CustomPlantProgress";
			};
			name = Debug;
		};
		7590551C1CF5C3E500F4E6D0 /* Release */ = {
			isa = XCBuildConfiguration;
			buildSettings = {
				BUNDLE_LOADER = "$(TEST_HOST)";
				INFOPLIST_FILE = 4.CustomPlantProgressTests/Info.plist;
				LD_RUNPATH_SEARCH_PATHS = "$(inherited) @executable_path/Frameworks @loader_path/Frameworks";
				PRODUCT_BUNDLE_IDENTIFIER = "com.corotata.--CustomPlantProgressTests";
				PRODUCT_NAME = "$(TARGET_NAME)";
				TEST_HOST = "$(BUILT_PRODUCTS_DIR)/4.CustomPlantProgress.app/4.CustomPlantProgress";
			};
			name = Release;
		};
		7590551E1CF5C3E500F4E6D0 /* Debug */ = {
			isa = XCBuildConfiguration;
			buildSettings = {
				INFOPLIST_FILE = 4.CustomPlantProgressUITests/Info.plist;
				LD_RUNPATH_SEARCH_PATHS = "$(inherited) @executable_path/Frameworks @loader_path/Frameworks";
				PRODUCT_BUNDLE_IDENTIFIER = "com.corotata.--CustomPlantProgressUITests";
				PRODUCT_NAME = "$(TARGET_NAME)";
				TEST_TARGET_NAME = 4.CustomPlantProgress;
			};
			name = Debug;
		};
		7590551F1CF5C3E500F4E6D0 /* Release */ = {
			isa = XCBuildConfiguration;
			buildSettings = {
				INFOPLIST_FILE = 4.CustomPlantProgressUITests/Info.plist;
				LD_RUNPATH_SEARCH_PATHS = "$(inherited) @executable_path/Frameworks @loader_path/Frameworks";
				PRODUCT_BUNDLE_IDENTIFIER = "com.corotata.--CustomPlantProgressUITests";
				PRODUCT_NAME = "$(TARGET_NAME)";
				TEST_TARGET_NAME = 4.CustomPlantProgress;
			};
			name = Release;
		};
/* End XCBuildConfiguration section */

/* Begin XCConfigurationList section */
		759054EA1CF5C3E500F4E6D0 /* Build configuration list for PBXProject "4.CustomPlantProgress" */ = {
			isa = XCConfigurationList;
			buildConfigurations = (
				759055151CF5C3E500F4E6D0 /* Debug */,
				759055161CF5C3E500F4E6D0 /* Release */,
			);
			defaultConfigurationIsVisible = 0;
			defaultConfigurationName = Release;
		};
		759055171CF5C3E500F4E6D0 /* Build configuration list for PBXNativeTarget "4.CustomPlantProgress" */ = {
			isa = XCConfigurationList;
			buildConfigurations = (
				759055181CF5C3E500F4E6D0 /* Debug */,
				759055191CF5C3E500F4E6D0 /* Release */,
			);
			defaultConfigurationIsVisible = 0;
		};
		7590551A1CF5C3E500F4E6D0 /* Build configuration list for PBXNativeTarget "4.CustomPlantProgressTests" */ = {
			isa = XCConfigurationList;
			buildConfigurations = (
				7590551B1CF5C3E500F4E6D0 /* Debug */,
				7590551C1CF5C3E500F4E6D0 /* Release */,
			);
			defaultConfigurationIsVisible = 0;
		};
		7590551D1CF5C3E500F4E6D0 /* Build configuration list for PBXNativeTarget "4.CustomPlantProgressUITests" */ = {
			isa = XCConfigurationList;
			buildConfigurations = (
				7590551E1CF5C3E500F4E6D0 /* Debug */,
				7590551F1CF5C3E500F4E6D0 /* Release */,
			);
			defaultConfigurationIsVisible = 0;
		};
/* End XCConfigurationList section */
	};
	rootObject = 759054E71CF5C3E500F4E6D0 /* Project object */;
}
