// !$*UTF8*$!
{
	archiveVersion = 1;
	classes = {
	};
	objectVersion = 46;
	objects = {

/* Begin PBXBuildFile section */
		75134B0D1CE48B4A009C58C0 /* UIColor+CoreExtension.swift in Sources */ = {isa = PBXBuildFile; fileRef = 75134B0C1CE48B4A009C58C0 /* UIColor+CoreExtension.swift */; };
		75134B0F1CE4911A009C58C0 /* UIImage+CoreExtension.swift in Sources */ = {isa = PBXBuildFile; fileRef = 75134B0E1CE4911A009C58C0 /* UIImage+CoreExtension.swift */; };
		75391D171CE461B3009CD5F9 /* AppDelegate.swift in Sources */ = {isa = PBXBuildFile; fileRef = 75391D161CE461B3009CD5F9 /* AppDelegate.swift */; };
		75391D191CE461B3009CD5F9 /* ViewController.swift in Sources */ = {isa = PBXBuildFile; fileRef = 75391D181CE461B3009CD5F9 /* ViewController.swift */; };
		75391D1C1CE461B3009CD5F9 /* Main.storyboard in Resources */ = {isa = PBXBuildFile; fileRef = 75391D1A1CE461B3009CD5F9 /* Main.storyboard */; };
		75391D1E1CE461B3009CD5F9 /* Assets.xcassets in Resources */ = {isa = PBXBuildFile; fileRef = 75391D1D1CE461B3009CD5F9 /* Assets.xcassets */; };
		75391D211CE461B3009CD5F9 /* LaunchScreen.storyboard in Resources */ = {isa = PBXBuildFile; fileRef = 75391D1F1CE461B3009CD5F9 /* LaunchScreen.storyboard */; };
		75391D2C1CE461B3009CD5F9 /* CustomControlTests.swift in Sources */ = {isa = PBXBuildFile; fileRef = 75391D2B1CE461B3009CD5F9 /* CustomControlTests.swift */; };
		75391D371CE461B3009CD5F9 /* CustomControlUITests.swift in Sources */ = {isa = PBXBuildFile; fileRef = 75391D361CE461B3009CD5F9 /* CustomControlUITests.swift */; };
		75391D451CE461CD009CD5F9 /* AvatarView.swift in Sources */ = {isa = PBXBuildFile; fileRef = 75391D441CE461CD009CD5F9 /* AvatarView.swift */; };
/* End PBXBuildFile section */

/* Begin PBXContainerItemProxy section */
		75391D281CE461B3009CD5F9 /* PBXContainerItemProxy */ = {
			isa = PBXContainerItemProxy;
			containerPortal = 75391D0B1CE461B3009CD5F9 /* Project object */;
			proxyType = 1;
			remoteGlobalIDString = 75391D121CE461B3009CD5F9;
			remoteInfo = CustomControl;
		};
		75391D331CE461B3009CD5F9 /* PBXContainerItemProxy */ = {
			isa = PBXContainerItemProxy;
			containerPortal = 75391D0B1CE461B3009CD5F9 /* Project object */;
			proxyType = 1;
			remoteGlobalIDString = 75391D121CE461B3009CD5F9;
			remoteInfo = CustomControl;
		};
/* End PBXContainerItemProxy section */

/* Begin PBXFileReference section */
		75134B0C1CE48B4A009C58C0 /* UIColor+CoreExtension.swift */ = {isa = PBXFileReference; fileEncoding = 4; lastKnownFileType = sourcecode.swift; path = "UIColor+CoreExtension.swift"; sourceTree = "<group>"; };
		75134B0E1CE4911A009C58C0 /* UIImage+CoreExtension.swift */ = {isa = PBXFileReference; fileEncoding = 4; lastKnownFileType = sourcecode.swift; path = "UIImage+CoreExtension.swift"; sourceTree = "<group>"; };
		75391D131CE461B3009CD5F9 /* CustomControl.app */ = {isa = PBXFileReference; explicitFileType = wrapper.application; includeInIndex = 0; path = CustomControl.app; sourceTree = BUILT_PRODUCTS_DIR; };
		75391D161CE461B3009CD5F9 /* AppDelegate.swift */ = {isa = PBXFileReference; lastKnownFileType = sourcecode.swift; path = AppDelegate.swift; sourceTree = "<group>"; };
		75391D181CE461B3009CD5F9 /* ViewController.swift */ = {isa = PBXFileReference; lastKnownFileType = sourcecode.swift; path = ViewController.swift; sourceTree = "<group>"; };
		75391D1B1CE461B3009CD5F9 /* Base */ = {isa = PBXFileReference; lastKnownFileType = file.storyboard; name = Base; path = Base.lproj/Main.storyboard; sourceTree = "<group>"; };
		75391D1D1CE461B3009CD5F9 /* Assets.xcassets */ = {isa = PBXFileReference; lastKnownFileType = folder.assetcatalog; path = Assets.xcassets; sourceTree = "<group>"; };
		75391D201CE461B3009CD5F9 /* Base */ = {isa = PBXFileReference; lastKnownFileType = file.storyboard; name = Base; path = Base.lproj/LaunchScreen.storyboard; sourceTree = "<group>"; };
		75391D221CE461B3009CD5F9 /* Info.plist */ = {isa = PBXFileReference; lastKnownFileType = text.plist.xml; path = Info.plist; sourceTree = "<group>"; };
		75391D271CE461B3009CD5F9 /* CustomControlTests.xctest */ = {isa = PBXFileReference; explicitFileType = wrapper.cfbundle; includeInIndex = 0; path = CustomControlTests.xctest; sourceTree = BUILT_PRODUCTS_DIR; };
		75391D2B1CE461B3009CD5F9 /* CustomControlTests.swift */ = {isa = PBXFileReference; lastKnownFileType = sourcecode.swift; path = CustomControlTests.swift; sourceTree = "<group>"; };
		75391D2D1CE461B3009CD5F9 /* Info.plist */ = {isa = PBXFileReference; lastKnownFileType = text.plist.xml; path = Info.plist; sourceTree = "<group>"; };
		75391D321CE461B3009CD5F9 /* CustomControlUITests.xctest */ = {isa = PBXFileReference; explicitFileType = wrapper.cfbundle; includeInIndex = 0; path = CustomControlUITests.xctest; sourceTree = BUILT_PRODUCTS_DIR; };
		75391D361CE461B3009CD5F9 /* CustomControlUITests.swift */ = {isa = PBXFileReference; lastKnownFileType = sourcecode.swift; path = CustomControlUITests.swift; sourceTree = "<group>"; };
		75391D381CE461B3009CD5F9 /* Info.plist */ = {isa = PBXFileReference; lastKnownFileType = text.plist.xml; path = Info.plist; sourceTree = "<group>"; };
		75391D441CE461CD009CD5F9 /* AvatarView.swift */ = {isa = PBXFileReference; fileEncoding = 4; lastKnownFileType = sourcecode.swift; path = AvatarView.swift; sourceTree = "<group>"; };
/* End PBXFileReference section */

/* Begin PBXFrameworksBuildPhase section */
		75391D101CE461B3009CD5F9 /* Frameworks */ = {
			isa = PBXFrameworksBuildPhase;
			buildActionMask = 2147483647;
			files = (
			);
			runOnlyForDeploymentPostprocessing = 0;
		};
		75391D241CE461B3009CD5F9 /* Frameworks */ = {
			isa = PBXFrameworksBuildPhase;
			buildActionMask = 2147483647;
			files = (
			);
			runOnlyForDeploymentPostprocessing = 0;
		};
		75391D2F1CE461B3009CD5F9 /* Frameworks */ = {
			isa = PBXFrameworksBuildPhase;
			buildActionMask = 2147483647;
			files = (
			);
			runOnlyForDeploymentPostprocessing = 0;
		};
/* End PBXFrameworksBuildPhase section */

/* Begin PBXGroup section */
		75391D0A1CE461B3009CD5F9 = {
			isa = PBXGroup;
			children = (
				75391D151CE461B3009CD5F9 /* CustomControl */,
				75391D2A1CE461B3009CD5F9 /* CustomControlTests */,
				75391D351CE461B3009CD5F9 /* CustomControlUITests */,
				75391D141CE461B3009CD5F9 /* Products */,
			);
			sourceTree = "<group>";
		};
		75391D141CE461B3009CD5F9 /* Products */ = {
			isa = PBXGroup;
			children = (
				75391D131CE461B3009CD5F9 /* CustomControl.app */,
				75391D271CE461B3009CD5F9 /* CustomControlTests.xctest */,
				75391D321CE461B3009CD5F9 /* CustomControlUITests.xctest */,
			);
			name = Products;
			sourceTree = "<group>";
		};
		75391D151CE461B3009CD5F9 /* CustomControl */ = {
			isa = PBXGroup;
			children = (
				75134B0C1CE48B4A009C58C0 /* UIColor+CoreExtension.swift */,
				75391D161CE461B3009CD5F9 /* AppDelegate.swift */,
				75391D181CE461B3009CD5F9 /* ViewController.swift */,
				75391D1A1CE461B3009CD5F9 /* Main.storyboard */,
				75391D1D1CE461B3009CD5F9 /* Assets.xcassets */,
				75391D1F1CE461B3009CD5F9 /* LaunchScreen.storyboard */,
				75391D221CE461B3009CD5F9 /* Info.plist */,
				75391D441CE461CD009CD5F9 /* AvatarView.swift */,
				75134B0E1CE4911A009C58C0 /* UIImage+CoreExtension.swift */,
			);
			path = CustomControl;
			sourceTree = "<group>";
		};
		75391D2A1CE461B3009CD5F9 /* CustomControlTests */ = {
			isa = PBXGroup;
			children = (
				75391D2B1CE461B3009CD5F9 /* CustomControlTests.swift */,
				75391D2D1CE461B3009CD5F9 /* Info.plist */,
			);
			path = CustomControlTests;
			sourceTree = "<group>";
		};
		75391D351CE461B3009CD5F9 /* CustomControlUITests */ = {
			isa = PBXGroup;
			children = (
				75391D361CE461B3009CD5F9 /* CustomControlUITests.swift */,
				75391D381CE461B3009CD5F9 /* Info.plist */,
			);
			path = CustomControlUITests;
			sourceTree = "<group>";
		};
/* End PBXGroup section */

/* Begin PBXNativeTarget section */
		75391D121CE461B3009CD5F9 /* CustomControl */ = {
			isa = PBXNativeTarget;
			buildConfigurationList = 75391D3B1CE461B3009CD5F9 /* Build configuration list for PBXNativeTarget "CustomControl" */;
			buildPhases = (
				75391D0F1CE461B3009CD5F9 /* Sources */,
				75391D101CE461B3009CD5F9 /* Frameworks */,
				75391D111CE461B3009CD5F9 /* Resources */,
			);
			buildRules = (
			);
			dependencies = (
			);
			name = CustomControl;
			productName = CustomControl;
			productReference = 75391D131CE461B3009CD5F9 /* CustomControl.app */;
			productType = "com.apple.product-type.application";
		};
		75391D261CE461B3009CD5F9 /* CustomControlTests */ = {
			isa = PBXNativeTarget;
			buildConfigurationList = 75391D3E1CE461B3009CD5F9 /* Build configuration list for PBXNativeTarget "CustomControlTests" */;
			buildPhases = (
				75391D231CE461B3009CD5F9 /* Sources */,
				75391D241CE461B3009CD5F9 /* Frameworks */,
				75391D251CE461B3009CD5F9 /* Resources */,
			);
			buildRules = (
			);
			dependencies = (
				75391D291CE461B3009CD5F9 /* PBXTargetDependency */,
			);
			name = CustomControlTests;
			productName = CustomControlTests;
			productReference = 75391D271CE461B3009CD5F9 /* CustomControlTests.xctest */;
			productType = "com.apple.product-type.bundle.unit-test";
		};
		75391D311CE461B3009CD5F9 /* CustomControlUITests */ = {
			isa = PBXNativeTarget;
			buildConfigurationList = 75391D411CE461B3009CD5F9 /* Build configuration list for PBXNativeTarget "CustomControlUITests" */;
			buildPhases = (
				75391D2E1CE461B3009CD5F9 /* Sources */,
				75391D2F1CE461B3009CD5F9 /* Frameworks */,
				75391D301CE461B3009CD5F9 /* Resources */,
			);
			buildRules = (
			);
			dependencies = (
				75391D341CE461B3009CD5F9 /* PBXTargetDependency */,
			);
			name = CustomControlUITests;
			productName = CustomControlUITests;
			productReference = 75391D321CE461B3009CD5F9 /* CustomControlUITests.xctest */;
			productType = "com.apple.product-type.bundle.ui-testing";
		};
/* End PBXNativeTarget section */

/* Begin PBXProject section */
		75391D0B1CE461B3009CD5F9 /* Project object */ = {
			isa = PBXProject;
			attributes = {
				LastSwiftUpdateCheck = 0730;
				LastUpgradeCheck = 0730;
				ORGANIZATIONNAME = Sun;
				TargetAttributes = {
					75391D121CE461B3009CD5F9 = {
						CreatedOnToolsVersion = 7.3.1;
					};
					75391D261CE461B3009CD5F9 = {
						CreatedOnToolsVersion = 7.3.1;
						TestTargetID = 75391D121CE461B3009CD5F9;
					};
					75391D311CE461B3009CD5F9 = {
						CreatedOnToolsVersion = 7.3.1;
						TestTargetID = 75391D121CE461B3009CD5F9;
					};
				};
			};
			buildConfigurationList = 75391D0E1CE461B3009CD5F9 /* Build configuration list for PBXProject "CustomControl" */;
			compatibilityVersion = "Xcode 3.2";
			developmentRegion = English;
			hasScannedForEncodings = 0;
			knownRegions = (
				en,
				Base,
			);
			mainGroup = 75391D0A1CE461B3009CD5F9;
			productRefGroup = 75391D141CE461B3009CD5F9 /* Products */;
			projectDirPath = "";
			projectRoot = "";
			targets = (
				75391D121CE461B3009CD5F9 /* CustomControl */,
				75391D261CE461B3009CD5F9 /* CustomControlTests */,
				75391D311CE461B3009CD5F9 /* CustomControlUITests */,
			);
		};
/* End PBXProject section */

/* Begin PBXResourcesBuildPhase section */
		75391D111CE461B3009CD5F9 /* Resources */ = {
			isa = PBXResourcesBuildPhase;
			buildActionMask = 2147483647;
			files = (
				75391D211CE461B3009CD5F9 /* LaunchScreen.storyboard in Resources */,
				75391D1E1CE461B3009CD5F9 /* Assets.xcassets in Resources */,
				75391D1C1CE461B3009CD5F9 /* Main.storyboard in Resources */,
			);
			runOnlyForDeploymentPostprocessing = 0;
		};
		75391D251CE461B3009CD5F9 /* Resources */ = {
			isa = PBXResourcesBuildPhase;
			buildActionMask = 2147483647;
			files = (
			);
			runOnlyForDeploymentPostprocessing = 0;
		};
		75391D301CE461B3009CD5F9 /* Resources */ = {
			isa = PBXResourcesBuildPhase;
			buildActionMask = 2147483647;
			files = (
			);
			runOnlyForDeploymentPostprocessing = 0;
		};
/* End PBXResourcesBuildPhase section */

/* Begin PBXSourcesBuildPhase section */
		75391D0F1CE461B3009CD5F9 /* Sources */ = {
			isa = PBXSourcesBuildPhase;
			buildActionMask = 2147483647;
			files = (
				75134B0D1CE48B4A009C58C0 /* UIColor+CoreExtension.swift in Sources */,
				75391D191CE461B3009CD5F9 /* ViewController.swift in Sources */,
				75391D451CE461CD009CD5F9 /* AvatarView.swift in Sources */,
				75134B0F1CE4911A009C58C0 /* UIImage+CoreExtension.swift in Sources */,
				75391D171CE461B3009CD5F9 /* AppDelegate.swift in Sources */,
			);
			runOnlyForDeploymentPostprocessing = 0;
		};
		75391D231CE461B3009CD5F9 /* Sources */ = {
			isa = PBXSourcesBuildPhase;
			buildActionMask = 2147483647;
			files = (
				75391D2C1CE461B3009CD5F9 /* CustomControlTests.swift in Sources */,
			);
			runOnlyForDeploymentPostprocessing = 0;
		};
		75391D2E1CE461B3009CD5F9 /* Sources */ = {
			isa = PBXSourcesBuildPhase;
			buildActionMask = 2147483647;
			files = (
				75391D371CE461B3009CD5F9 /* CustomControlUITests.swift in Sources */,
			);
			runOnlyForDeploymentPostprocessing = 0;
		};
/* End PBXSourcesBuildPhase section */

/* Begin PBXTargetDependency section */
		75391D291CE461B3009CD5F9 /* PBXTargetDependency */ = {
			isa = PBXTargetDependency;
			target = 75391D121CE461B3009CD5F9 /* CustomControl */;
			targetProxy = 75391D281CE461B3009CD5F9 /* PBXContainerItemProxy */;
		};
		75391D341CE461B3009CD5F9 /* PBXTargetDependency */ = {
			isa = PBXTargetDependency;
			target = 75391D121CE461B3009CD5F9 /* CustomControl */;
			targetProxy = 75391D331CE461B3009CD5F9 /* PBXContainerItemProxy */;
		};
/* End PBXTargetDependency section */

/* Begin PBXVariantGroup section */
		75391D1A1CE461B3009CD5F9 /* Main.storyboard */ = {
			isa = PBXVariantGroup;
			children = (
				75391D1B1CE461B3009CD5F9 /* Base */,
			);
			name = Main.storyboard;
			sourceTree = "<group>";
		};
		75391D1F1CE461B3009CD5F9 /* LaunchScreen.storyboard */ = {
			isa = PBXVariantGroup;
			children = (
				75391D201CE461B3009CD5F9 /* Base */,
			);
			name = LaunchScreen.storyboard;
			sourceTree = "<group>";
		};
/* End PBXVariantGroup section */

/* Begin XCBuildConfiguration section */
		75391D391CE461B3009CD5F9 /* Debug */ = {
			isa = XCBuildConfiguration;
			buildSettings = {
				ALWAYS_SEARCH_USER_PATHS = NO;
				CLANG_ANALYZER_NONNULL = YES;
				CLANG_CXX_LANGUAGE_STANDARD = "gnu++0x";
				CLANG_CXX_LIBRARY = "libc++";
				CLANG_ENABLE_MODULES = YES;
				CLANG_ENABLE_OBJC_ARC = YES;
				CLANG_WARN_BOOL_CONVERSION = YES;
				CLANG_WARN_CONSTANT_CONVERSION = YES;
				CLANG_WARN_DIRECT_OBJC_ISA_USAGE = YES_ERROR;
				CLANG_WARN_EMPTY_BODY = YES;
				CLANG_WARN_ENUM_CONVERSION = YES;
				CLANG_WARN_INT_CONVERSION = YES;
				CLANG_WARN_OBJC_ROOT_CLASS = YES_ERROR;
				CLANG_WARN_UNREACHABLE_CODE = YES;
				CLANG_WARN__DUPLICATE_METHOD_MATCH = YES;
				"CODE_SIGN_IDENTITY[sdk=iphoneos*]" = "iPhone Developer";
				COPY_PHASE_STRIP = NO;
				DEBUG_INFORMATION_FORMAT = dwarf;
				ENABLE_STRICT_OBJC_MSGSEND = YES;
				ENABLE_TESTABILITY = YES;
				GCC_C_LANGUAGE_STANDARD = gnu99;
				GCC_DYNAMIC_NO_PIC = NO;
				GCC_NO_COMMON_BLOCKS = YES;
				GCC_OPTIMIZATION_LEVEL = 0;
				GCC_PREPROCESSOR_DEFINITIONS = (
					"DEBUG=1",
					"$(inherited)",
				);
				GCC_WARN_64_TO_32_BIT_CONVERSION = YES;
				GCC_WARN_ABOUT_RETURN_TYPE = YES_ERROR;
				GCC_WARN_UNDECLARED_SELECTOR = YES;
				GCC_WARN_UNINITIALIZED_AUTOS = YES_AGGRESSIVE;
				GCC_WARN_UNUSED_FUNCTION = YES;
				GCC_WARN_UNUSED_VARIABLE = YES;
				IPHONEOS_DEPLOYMENT_TARGET = 9.3;
				MTL_ENABLE_DEBUG_INFO = YES;
				ONLY_ACTIVE_ARCH = YES;
				SDKROOT = iphoneos;
				SWIFT_OPTIMIZATION_LEVEL = "-Onone";
				TARGETED_DEVICE_FAMILY = "1,2";
			};
			name = Debug;
		};
		75391D3A1CE461B3009CD5F9 /* Release */ = {
			isa = XCBuildConfiguration;
			buildSettings = {
				ALWAYS_SEARCH_USER_PATHS = NO;
				CLANG_ANALYZER_NONNULL = YES;
				CLANG_CXX_LANGUAGE_STANDARD = "gnu++0x";
				CLANG_CXX_LIBRARY = "libc++";
				CLANG_ENABLE_MODULES = YES;
				CLANG_ENABLE_OBJC_ARC = YES;
				CLANG_WARN_BOOL_CONVERSION = YES;
				CLANG_WARN_CONSTANT_CONVERSION = YES;
				CLANG_WARN_DIRECT_OBJC_ISA_USAGE = YES_ERROR;
				CLANG_WARN_EMPTY_BODY = YES;
				CLANG_WARN_ENUM_CONVERSION = YES;
				CLANG_WARN_INT_CONVERSION = YES;
				CLANG_WARN_OBJC_ROOT_CLASS = YES_ERROR;
				CLANG_WARN_UNREACHABLE_CODE = YES;
				CLANG_WARN__DUPLICATE_METHOD_MATCH = YES;
				"CODE_SIGN_IDENTITY[sdk=iphoneos*]" = "iPhone Developer";
				COPY_PHASE_STRIP = NO;
				DEBUG_INFORMATION_FORMAT = "dwarf-with-dsym";
				ENABLE_NS_ASSERTIONS = NO;
				ENABLE_STRICT_OBJC_MSGSEND = YES;
				GCC_C_LANGUAGE_STANDARD = gnu99;
				GCC_NO_COMMON_BLOCKS = YES;
				GCC_WARN_64_TO_32_BIT_CONVERSION = YES;
				GCC_WARN_ABOUT_RETURN_TYPE = YES_ERROR;
				GCC_WARN_UNDECLARED_SELECTOR = YES;
				GCC_WARN_UNINITIALIZED_AUTOS = YES_AGGRESSIVE;
				GCC_WARN_UNUSED_FUNCTION = YES;
				GCC_WARN_UNUSED_VARIABLE = YES;
				IPHONEOS_DEPLOYMENT_TARGET = 9.3;
				MTL_ENABLE_DEBUG_INFO = NO;
				SDKROOT = iphoneos;
				TARGETED_DEVICE_FAMILY = "1,2";
				VALIDATE_PRODUCT = YES;
			};
			name = Release;
		};
		75391D3C1CE461B3009CD5F9 /* Debug */ = {
			isa = XCBuildConfiguration;
			buildSettings = {
				ASSETCATALOG_COMPILER_APPICON_NAME = AppIcon;
				INFOPLIST_FILE = CustomControl/Info.plist;
				LD_RUNPATH_SEARCH_PATHS = "$(inherited) @executable_path/Frameworks";
				PRODUCT_BUNDLE_IDENTIFIER = com.sun.CustomControl;
				PRODUCT_NAME = "$(TARGET_NAME)";
			};
			name = Debug;
		};
		75391D3D1CE461B3009CD5F9 /* Release */ = {
			isa = XCBuildConfiguration;
			buildSettings = {
				ASSETCATALOG_COMPILER_APPICON_NAME = AppIcon;
				INFOPLIST_FILE = CustomControl/Info.plist;
				LD_RUNPATH_SEARCH_PATHS = "$(inherited) @executable_path/Frameworks";
				PRODUCT_BUNDLE_IDENTIFIER = com.sun.CustomControl;
				PRODUCT_NAME = "$(TARGET_NAME)";
			};
			name = Release;
		};
		75391D3F1CE461B3009CD5F9 /* Debug */ = {
			isa = XCBuildConfiguration;
			buildSettings = {
				BUNDLE_LOADER = "$(TEST_HOST)";
				INFOPLIST_FILE = CustomControlTests/Info.plist;
				LD_RUNPATH_SEARCH_PATHS = "$(inherited) @executable_path/Frameworks @loader_path/Frameworks";
				PRODUCT_BUNDLE_IDENTIFIER = com.sun.CustomControlTests;
				PRODUCT_NAME = "$(TARGET_NAME)";
				TEST_HOST = "$(BUILT_PRODUCTS_DIR)/CustomControl.app/CustomControl";
			};
			name = Debug;
		};
		75391D401CE461B3009CD5F9 /* Release */ = {
			isa = XCBuildConfiguration;
			buildSettings = {
				BUNDLE_LOADER = "$(TEST_HOST)";
				INFOPLIST_FILE = CustomControlTests/Info.plist;
				LD_RUNPATH_SEARCH_PATHS = "$(inherited) @executable_path/Frameworks @loader_path/Frameworks";
				PRODUCT_BUNDLE_IDENTIFIER = com.sun.CustomControlTests;
				PRODUCT_NAME = "$(TARGET_NAME)";
				TEST_HOST = "$(BUILT_PRODUCTS_DIR)/CustomControl.app/CustomControl";
			};
			name = Release;
		};
		75391D421CE461B3009CD5F9 /* Debug */ = {
			isa = XCBuildConfiguration;
			buildSettings = {
				INFOPLIST_FILE = CustomControlUITests/Info.plist;
				LD_RUNPATH_SEARCH_PATHS = "$(inherited) @executable_path/Frameworks @loader_path/Frameworks";
				PRODUCT_BUNDLE_IDENTIFIER = com.sun.CustomControlUITests;
				PRODUCT_NAME = "$(TARGET_NAME)";
				TEST_TARGET_NAME = CustomControl;
			};
			name = Debug;
		};
		75391D431CE461B3009CD5F9 /* Release */ = {
			isa = XCBuildConfiguration;
			buildSettings = {
				INFOPLIST_FILE = CustomControlUITests/Info.plist;
				LD_RUNPATH_SEARCH_PATHS = "$(inherited) @executable_path/Frameworks @loader_path/Frameworks";
				PRODUCT_BUNDLE_IDENTIFIER = com.sun.CustomControlUITests;
				PRODUCT_NAME = "$(TARGET_NAME)";
				TEST_TARGET_NAME = CustomControl;
			};
			name = Release;
		};
/* End XCBuildConfiguration section */

/* Begin XCConfigurationList section */
		75391D0E1CE461B3009CD5F9 /* Build configuration list for PBXProject "CustomControl" */ = {
			isa = XCConfigurationList;
			buildConfigurations = (
				75391D391CE461B3009CD5F9 /* Debug */,
				75391D3A1CE461B3009CD5F9 /* Release */,
			);
			defaultConfigurationIsVisible = 0;
			defaultConfigurationName = Release;
		};
		75391D3B1CE461B3009CD5F9 /* Build configuration list for PBXNativeTarget "CustomControl" */ = {
			isa = XCConfigurationList;
			buildConfigurations = (
				75391D3C1CE461B3009CD5F9 /* Debug */,
				75391D3D1CE461B3009CD5F9 /* Release */,
			);
			defaultConfigurationIsVisible = 0;
			defaultConfigurationName = Release;
		};
		75391D3E1CE461B3009CD5F9 /* Build configuration list for PBXNativeTarget "CustomControlTests" */ = {
			isa = XCConfigurationList;
			buildConfigurations = (
				75391D3F1CE461B3009CD5F9 /* Debug */,
				75391D401CE461B3009CD5F9 /* Release */,
			);
			defaultConfigurationIsVisible = 0;
			defaultConfigurationName = Release;
		};
		75391D411CE461B3009CD5F9 /* Build configuration list for PBXNativeTarget "CustomControlUITests" */ = {
			isa = XCConfigurationList;
			buildConfigurations = (
				75391D421CE461B3009CD5F9 /* Debug */,
				75391D431CE461B3009CD5F9 /* Release */,
			);
			defaultConfigurationIsVisible = 0;
			defaultConfigurationName = Release;
		};
/* End XCConfigurationList section */
	};
	rootObject = 75391D0B1CE461B3009CD5F9 /* Project object */;
}
